{
  "version": 4,
  "terraform_version": "1.5.7",
  "serial": 105,
  "lineage": "769bab45-37fc-5dfa-bdd9-fed7b1192acc",
  "outputs": {
    "backend_instance_id": {
      "value": "i-0082c13153580a21b",
      "type": "string"
    },
    "frontend_instance_id": {
      "value": "i-0abf1284871927204",
      "type": "string"
    }
  },
  "resources": [
    {
      "mode": "data",
      "type": "aws_ami",
      "name": "amazon_linux",
      "provider": "provider[\"registry.terraform.io/hashicorp/aws\"]",
      "instances": [
        {
          "schema_version": 0,
          "attributes": {
            "architecture": "x86_64",
            "arn": "arn:aws:ec2:us-east-2::image/ami-0a31834d359d68156",
            "block_device_mappings": [
              {
                "device_name": "/dev/xvda",
                "ebs": {
                  "delete_on_termination": "true",
                  "encrypted": "false",
                  "iops": "0",
                  "snapshot_id": "snap-0dee736885159b621",
                  "throughput": "0",
                  "volume_size": "8",
                  "volume_type": "gp2"
                },
                "no_device": "",
                "virtual_name": ""
              }
            ],
            "boot_mode": "",
            "creation_date": "2025-02-01T08:25:15.000Z",
            "deprecation_time": "2025-07-01T00:00:00.000Z",
            "description": "Amazon Linux 2 AMI 2.0.20250201.0 x86_64 HVM gp2",
            "ena_support": true,
            "executable_users": null,
            "filter": [
              {
                "name": "name",
                "values": [
                  "amzn2-ami-hvm-*-x86_64-gp2"
                ]
              },
              {
                "name": "state",
                "values": [
                  "available"
                ]
              }
            ],
            "hypervisor": "xen",
            "id": "ami-0a31834d359d68156",
            "image_id": "ami-0a31834d359d68156",
            "image_location": "amazon/amzn2-ami-hvm-2.0.20250201.0-x86_64-gp2",
            "image_owner_alias": "amazon",
            "image_type": "machine",
            "imds_support": "",
            "include_deprecated": false,
            "kernel_id": "",
            "most_recent": true,
            "name": "amzn2-ami-hvm-2.0.20250201.0-x86_64-gp2",
            "name_regex": null,
            "owner_id": "137112412989",
            "owners": [
              "amazon"
            ],
            "platform": "",
            "platform_details": "Linux/UNIX",
            "product_codes": [],
            "public": true,
            "ramdisk_id": "",
            "root_device_name": "/dev/xvda",
            "root_device_type": "ebs",
            "root_snapshot_id": "snap-0dee736885159b621",
            "sriov_net_support": "simple",
            "state": "available",
            "state_reason": {
              "code": "UNSET",
              "message": "UNSET"
            },
            "tags": {},
            "timeouts": null,
            "tpm_support": "",
            "uefi_data": null,
            "usage_operation": "RunInstances",
            "virtualization_type": "hvm"
          },
          "sensitive_attributes": []
        }
      ]
    },
    {
      "mode": "data",
      "type": "aws_iam_policy_document",
      "name": "datadog_aws_integration",
      "provider": "provider[\"registry.terraform.io/hashicorp/aws\"]",
      "instances": [
        {
          "schema_version": 0,
          "attributes": {
            "id": "1054084506",
            "json": "{\n  \"Version\": \"2012-10-17\",\n  \"Statement\": [\n    {\n      \"Effect\": \"Allow\",\n      \"Action\": [\n        \"xray:GetTraceSummaries\",\n        \"xray:BatchGetTraces\",\n        \"wafv2:ListLoggingConfigurations\",\n        \"wafv2:GetRuleGroup\",\n        \"wafv2:GetRegexPatternSet\",\n        \"wafv2:GetLoggingConfiguration\",\n        \"wafv2:GetIPSet\",\n        \"waf:ListRules\",\n        \"waf:ListRuleGroups\",\n        \"waf-regional:ListRules\",\n        \"waf-regional:ListRuleGroups\",\n        \"timestream:DescribeEndpoints\",\n        \"tag:GetTagValues\",\n        \"tag:GetTagKeys\",\n        \"tag:GetResources\",\n        \"support:RefreshTrustedAdvisorCheck\",\n        \"support:DescribeTrustedAdvisor*\",\n        \"states:ListStateMachines\",\n        \"states:DescribeStateMachine\",\n        \"sqs:ListQueues\",\n        \"sns:Publish\",\n        \"sns:List*\",\n        \"sns:GetSubscriptionAttributes\",\n        \"ses:Get*\",\n        \"savingsplans:DescribeSavingsPlans\",\n        \"savingsplans:DescribeSavingsPlanRates\",\n        \"s3:PutBucketNotification\",\n        \"s3:ListAllMyBuckets\",\n        \"s3:ListAccessGrants\",\n        \"s3:GetBucketTagging\",\n        \"s3:GetBucketNotification\",\n        \"s3:GetBucketLogging\",\n        \"s3:GetBucketLocation\",\n        \"route53:List*\",\n        \"redshift:DescribeLoggingStatus\",\n        \"redshift:DescribeClusters\",\n        \"rds:List*\",\n        \"rds:Describe*\",\n        \"organizations:List*\",\n        \"organizations:Describe*\",\n        \"oam:ListSinks\",\n        \"oam:ListAttachedLinks\",\n        \"logs:TestMetricFilter\",\n        \"logs:PutSubscriptionFilter\",\n        \"logs:FilterLogEvents\",\n        \"logs:DescribeSubscriptionFilters\",\n        \"logs:DescribeLogStreams\",\n        \"logs:DescribeLogGroups\",\n        \"logs:DeleteSubscriptionFilter\",\n        \"lightsail:GetInstancePortStates\",\n        \"lambda:List*\",\n        \"lambda:GetPolicy\",\n        \"kinesis:List*\",\n        \"kinesis:Describe*\",\n        \"health:DescribeEvents\",\n        \"health:DescribeEventDetails\",\n        \"health:DescribeAffectedEntities\",\n        \"glue:ListRegistries\",\n        \"glacier:GetVaultNotifications\",\n        \"fsx:ListTagsForResource\",\n        \"fsx:DescribeFileSystems\",\n        \"events:CreateEventBus\",\n        \"es:ListTags\",\n        \"es:ListDomainNames\",\n        \"es:DescribeElasticsearchDomains\",\n        \"elasticmapreduce:List*\",\n        \"elasticmapreduce:Describe*\",\n        \"elasticloadbalancing:Describe*\",\n        \"elasticfilesystem:DescribeTags\",\n        \"elasticfilesystem:DescribeFileSystems\",\n        \"elasticfilesystem:DescribeAccessPoints\",\n        \"elasticache:List*\",\n        \"elasticache:Describe*\",\n        \"ecs:List*\",\n        \"ecs:Describe*\",\n        \"ec2:SearchTransitGatewayRoutes\",\n        \"ec2:GetTransitGatewayPrefixListReferences\",\n        \"ec2:GetSnapshotBlockPublicAccessState\",\n        \"ec2:Describe*\",\n        \"dynamodb:List*\",\n        \"dynamodb:Describe*\",\n        \"directconnect:Describe*\",\n        \"cur:DescribeReportDefinitions\",\n        \"codedeploy:List*\",\n        \"codedeploy:BatchGet*\",\n        \"cloudwatch:List*\",\n        \"cloudwatch:Get*\",\n        \"cloudwatch:Describe*\",\n        \"cloudtrail:LookupEvents\",\n        \"cloudtrail:GetTrailStatus\",\n        \"cloudtrail:DescribeTrails\",\n        \"cloudfront:ListDistributions\",\n        \"cloudfront:GetDistributionConfig\",\n        \"cassandra:Select\",\n        \"budgets:ViewBudget\",\n        \"bcm-data-exports:ListExports\",\n        \"bcm-data-exports:GetExport\",\n        \"backup:ListRecoveryPointsByBackupVault\",\n        \"backup:List*\",\n        \"autoscaling:Describe*\",\n        \"apigateway:GET\"\n      ],\n      \"Resource\": \"*\"\n    }\n  ]\n}",
            "minified_json": "{\"Version\":\"2012-10-17\",\"Statement\":[{\"Effect\":\"Allow\",\"Action\":[\"xray:GetTraceSummaries\",\"xray:BatchGetTraces\",\"wafv2:ListLoggingConfigurations\",\"wafv2:GetRuleGroup\",\"wafv2:GetRegexPatternSet\",\"wafv2:GetLoggingConfiguration\",\"wafv2:GetIPSet\",\"waf:ListRules\",\"waf:ListRuleGroups\",\"waf-regional:ListRules\",\"waf-regional:ListRuleGroups\",\"timestream:DescribeEndpoints\",\"tag:GetTagValues\",\"tag:GetTagKeys\",\"tag:GetResources\",\"support:RefreshTrustedAdvisorCheck\",\"support:DescribeTrustedAdvisor*\",\"states:ListStateMachines\",\"states:DescribeStateMachine\",\"sqs:ListQueues\",\"sns:Publish\",\"sns:List*\",\"sns:GetSubscriptionAttributes\",\"ses:Get*\",\"savingsplans:DescribeSavingsPlans\",\"savingsplans:DescribeSavingsPlanRates\",\"s3:PutBucketNotification\",\"s3:ListAllMyBuckets\",\"s3:ListAccessGrants\",\"s3:GetBucketTagging\",\"s3:GetBucketNotification\",\"s3:GetBucketLogging\",\"s3:GetBucketLocation\",\"route53:List*\",\"redshift:DescribeLoggingStatus\",\"redshift:DescribeClusters\",\"rds:List*\",\"rds:Describe*\",\"organizations:List*\",\"organizations:Describe*\",\"oam:ListSinks\",\"oam:ListAttachedLinks\",\"logs:TestMetricFilter\",\"logs:PutSubscriptionFilter\",\"logs:FilterLogEvents\",\"logs:DescribeSubscriptionFilters\",\"logs:DescribeLogStreams\",\"logs:DescribeLogGroups\",\"logs:DeleteSubscriptionFilter\",\"lightsail:GetInstancePortStates\",\"lambda:List*\",\"lambda:GetPolicy\",\"kinesis:List*\",\"kinesis:Describe*\",\"health:DescribeEvents\",\"health:DescribeEventDetails\",\"health:DescribeAffectedEntities\",\"glue:ListRegistries\",\"glacier:GetVaultNotifications\",\"fsx:ListTagsForResource\",\"fsx:DescribeFileSystems\",\"events:CreateEventBus\",\"es:ListTags\",\"es:ListDomainNames\",\"es:DescribeElasticsearchDomains\",\"elasticmapreduce:List*\",\"elasticmapreduce:Describe*\",\"elasticloadbalancing:Describe*\",\"elasticfilesystem:DescribeTags\",\"elasticfilesystem:DescribeFileSystems\",\"elasticfilesystem:DescribeAccessPoints\",\"elasticache:List*\",\"elasticache:Describe*\",\"ecs:List*\",\"ecs:Describe*\",\"ec2:SearchTransitGatewayRoutes\",\"ec2:GetTransitGatewayPrefixListReferences\",\"ec2:GetSnapshotBlockPublicAccessState\",\"ec2:Describe*\",\"dynamodb:List*\",\"dynamodb:Describe*\",\"directconnect:Describe*\",\"cur:DescribeReportDefinitions\",\"codedeploy:List*\",\"codedeploy:BatchGet*\",\"cloudwatch:List*\",\"cloudwatch:Get*\",\"cloudwatch:Describe*\",\"cloudtrail:LookupEvents\",\"cloudtrail:GetTrailStatus\",\"cloudtrail:DescribeTrails\",\"cloudfront:ListDistributions\",\"cloudfront:GetDistributionConfig\",\"cassandra:Select\",\"budgets:ViewBudget\",\"bcm-data-exports:ListExports\",\"bcm-data-exports:GetExport\",\"backup:ListRecoveryPointsByBackupVault\",\"backup:List*\",\"autoscaling:Describe*\",\"apigateway:GET\"],\"Resource\":\"*\"}]}",
            "override_json": null,
            "override_policy_documents": null,
            "policy_id": null,
            "source_json": null,
            "source_policy_documents": null,
            "statement": [
              {
                "actions": [
                  "apigateway:GET",
                  "autoscaling:Describe*",
                  "backup:List*",
                  "backup:ListRecoveryPointsByBackupVault",
                  "bcm-data-exports:GetExport",
                  "bcm-data-exports:ListExports",
                  "budgets:ViewBudget",
                  "cassandra:Select",
                  "cloudfront:GetDistributionConfig",
                  "cloudfront:ListDistributions",
                  "cloudtrail:DescribeTrails",
                  "cloudtrail:GetTrailStatus",
                  "cloudtrail:LookupEvents",
                  "cloudwatch:Describe*",
                  "cloudwatch:Get*",
                  "cloudwatch:List*",
                  "codedeploy:BatchGet*",
                  "codedeploy:List*",
                  "cur:DescribeReportDefinitions",
                  "directconnect:Describe*",
                  "dynamodb:Describe*",
                  "dynamodb:List*",
                  "ec2:Describe*",
                  "ec2:GetSnapshotBlockPublicAccessState",
                  "ec2:GetTransitGatewayPrefixListReferences",
                  "ec2:SearchTransitGatewayRoutes",
                  "ecs:Describe*",
                  "ecs:List*",
                  "elasticache:Describe*",
                  "elasticache:List*",
                  "elasticfilesystem:DescribeAccessPoints",
                  "elasticfilesystem:DescribeFileSystems",
                  "elasticfilesystem:DescribeTags",
                  "elasticloadbalancing:Describe*",
                  "elasticmapreduce:Describe*",
                  "elasticmapreduce:List*",
                  "es:DescribeElasticsearchDomains",
                  "es:ListDomainNames",
                  "es:ListTags",
                  "events:CreateEventBus",
                  "fsx:DescribeFileSystems",
                  "fsx:ListTagsForResource",
                  "glacier:GetVaultNotifications",
                  "glue:ListRegistries",
                  "health:DescribeAffectedEntities",
                  "health:DescribeEventDetails",
                  "health:DescribeEvents",
                  "kinesis:Describe*",
                  "kinesis:List*",
                  "lambda:GetPolicy",
                  "lambda:List*",
                  "lightsail:GetInstancePortStates",
                  "logs:DeleteSubscriptionFilter",
                  "logs:DescribeLogGroups",
                  "logs:DescribeLogStreams",
                  "logs:DescribeSubscriptionFilters",
                  "logs:FilterLogEvents",
                  "logs:PutSubscriptionFilter",
                  "logs:TestMetricFilter",
                  "oam:ListAttachedLinks",
                  "oam:ListSinks",
                  "organizations:Describe*",
                  "organizations:List*",
                  "rds:Describe*",
                  "rds:List*",
                  "redshift:DescribeClusters",
                  "redshift:DescribeLoggingStatus",
                  "route53:List*",
                  "s3:GetBucketLocation",
                  "s3:GetBucketLogging",
                  "s3:GetBucketNotification",
                  "s3:GetBucketTagging",
                  "s3:ListAccessGrants",
                  "s3:ListAllMyBuckets",
                  "s3:PutBucketNotification",
                  "savingsplans:DescribeSavingsPlanRates",
                  "savingsplans:DescribeSavingsPlans",
                  "ses:Get*",
                  "sns:GetSubscriptionAttributes",
                  "sns:List*",
                  "sns:Publish",
                  "sqs:ListQueues",
                  "states:DescribeStateMachine",
                  "states:ListStateMachines",
                  "support:DescribeTrustedAdvisor*",
                  "support:RefreshTrustedAdvisorCheck",
                  "tag:GetResources",
                  "tag:GetTagKeys",
                  "tag:GetTagValues",
                  "timestream:DescribeEndpoints",
                  "waf-regional:ListRuleGroups",
                  "waf-regional:ListRules",
                  "waf:ListRuleGroups",
                  "waf:ListRules",
                  "wafv2:GetIPSet",
                  "wafv2:GetLoggingConfiguration",
                  "wafv2:GetRegexPatternSet",
                  "wafv2:GetRuleGroup",
                  "wafv2:ListLoggingConfigurations",
                  "xray:BatchGetTraces",
                  "xray:GetTraceSummaries"
                ],
                "condition": [],
                "effect": "Allow",
                "not_actions": [],
                "not_principals": [],
                "not_resources": [],
                "principals": [],
                "resources": [
                  "*"
                ],
                "sid": ""
              }
            ],
            "version": "2012-10-17"
          },
          "sensitive_attributes": []
        }
      ]
    },
    {
      "mode": "data",
      "type": "aws_iam_policy_document",
      "name": "datadog_aws_integration_assume_role",
      "provider": "provider[\"registry.terraform.io/hashicorp/aws\"]",
      "instances": [
        {
          "schema_version": 0,
          "attributes": {
            "id": "3781435552",
            "json": "{\n  \"Version\": \"2012-10-17\",\n  \"Statement\": [\n    {\n      \"Effect\": \"Allow\",\n      \"Action\": \"sts:AssumeRole\",\n      \"Principal\": {\n        \"AWS\": \"arn:aws:iam::464622532012:root\"\n      },\n      \"Condition\": {\n        \"StringEquals\": {\n          \"sts:ExternalId\": \"49b650ab30ae4c28a3c797cc46265689\"\n        }\n      }\n    }\n  ]\n}",
            "minified_json": "{\"Version\":\"2012-10-17\",\"Statement\":[{\"Effect\":\"Allow\",\"Action\":\"sts:AssumeRole\",\"Principal\":{\"AWS\":\"arn:aws:iam::464622532012:root\"},\"Condition\":{\"StringEquals\":{\"sts:ExternalId\":\"49b650ab30ae4c28a3c797cc46265689\"}}}]}",
            "override_json": null,
            "override_policy_documents": null,
            "policy_id": null,
            "source_json": null,
            "source_policy_documents": null,
            "statement": [
              {
                "actions": [
                  "sts:AssumeRole"
                ],
                "condition": [
                  {
                    "test": "StringEquals",
                    "values": [
                      "49b650ab30ae4c28a3c797cc46265689"
                    ],
                    "variable": "sts:ExternalId"
                  }
                ],
                "effect": "Allow",
                "not_actions": [],
                "not_principals": [],
                "not_resources": [],
                "principals": [
                  {
                    "identifiers": [
                      "arn:aws:iam::464622532012:root"
                    ],
                    "type": "AWS"
                  }
                ],
                "resources": [],
                "sid": ""
              }
            ],
            "version": "2012-10-17"
          },
          "sensitive_attributes": []
        }
      ]
    },
    {
      "mode": "data",
      "type": "aws_iam_policy_document",
      "name": "s3_access_policy",
      "provider": "provider[\"registry.terraform.io/hashicorp/aws\"]",
      "instances": [
        {
          "schema_version": 0,
          "attributes": {
            "id": "1399624347",
            "json": "{\n  \"Version\": \"2012-10-17\",\n  \"Statement\": [\n    {\n      \"Effect\": \"Allow\",\n      \"Action\": \"s3:GetObject\",\n      \"Resource\": \"arn:aws:s3:::bucket-lti-project-code/*\"\n    }\n  ]\n}",
            "minified_json": "{\"Version\":\"2012-10-17\",\"Statement\":[{\"Effect\":\"Allow\",\"Action\":\"s3:GetObject\",\"Resource\":\"arn:aws:s3:::bucket-lti-project-code/*\"}]}",
            "override_json": null,
            "override_policy_documents": null,
            "policy_id": null,
            "source_json": null,
            "source_policy_documents": null,
            "statement": [
              {
                "actions": [
                  "s3:GetObject"
                ],
                "condition": [],
                "effect": "Allow",
                "not_actions": [],
                "not_principals": [],
                "not_resources": [],
                "principals": [],
                "resources": [
                  "arn:aws:s3:::bucket-lti-project-code/*"
                ],
                "sid": ""
              }
            ],
            "version": "2012-10-17"
          },
          "sensitive_attributes": []
        }
      ]
    },
    {
      "mode": "data",
      "type": "aws_instances",
      "name": "all",
      "provider": "provider[\"registry.terraform.io/hashicorp/aws\"]",
      "instances": [
        {
          "schema_version": 0,
          "attributes": {
            "filter": [
              {
                "name": "instance-state-name",
                "values": [
                  "running"
                ]
              }
            ],
            "id": "us-east-2",
            "ids": [
              "i-0082c13153580a21b",
              "i-0abf1284871927204"
            ],
            "instance_state_names": null,
            "instance_tags": null,
            "ipv6_addresses": [],
            "private_ips": [
              "172.31.11.12",
              "172.31.2.42"
            ],
            "public_ips": [
              "3.22.27.208",
              "13.59.121.203"
            ],
            "timeouts": null
          },
          "sensitive_attributes": []
        }
      ]
    },
    {
      "mode": "managed",
      "type": "aws_iam_instance_profile",
      "name": "ec2_instance_profile",
      "provider": "provider[\"registry.terraform.io/hashicorp/aws\"]",
      "instances": [
        {
          "schema_version": 0,
          "attributes": {
            "arn": "arn:aws:iam::221082204872:instance-profile/lti-project-ec2-instance-profile",
            "create_date": "2025-02-25T01:51:34Z",
            "id": "lti-project-ec2-instance-profile",
            "name": "lti-project-ec2-instance-profile",
            "name_prefix": "",
            "path": "/",
            "role": "lti-project-ec2-role",
            "tags": {},
            "tags_all": {},
            "unique_id": "AIPATG6MGXLEHLI5ANZMF"
          },
          "sensitive_attributes": [],
          "private": "bnVsbA==",
          "dependencies": [
            "aws_iam_role.ec2_role"
          ]
        }
      ]
    },
    {
      "mode": "managed",
      "type": "aws_iam_policy",
      "name": "datadog_aws_integration",
      "provider": "provider[\"registry.terraform.io/hashicorp/aws\"]",
      "instances": [
        {
          "schema_version": 0,
          "attributes": {
            "arn": "arn:aws:iam::221082204872:policy/DatadogAWSIntegrationPolicy",
            "attachment_count": 1,
            "description": "",
            "id": "arn:aws:iam::221082204872:policy/DatadogAWSIntegrationPolicy",
            "name": "DatadogAWSIntegrationPolicy",
            "name_prefix": "",
            "path": "/",
            "policy": "{\"Statement\":[{\"Action\":[\"xray:GetTraceSummaries\",\"xray:BatchGetTraces\",\"wafv2:ListLoggingConfigurations\",\"wafv2:GetRuleGroup\",\"wafv2:GetRegexPatternSet\",\"wafv2:GetLoggingConfiguration\",\"wafv2:GetIPSet\",\"waf:ListRules\",\"waf:ListRuleGroups\",\"waf-regional:ListRules\",\"waf-regional:ListRuleGroups\",\"timestream:DescribeEndpoints\",\"tag:GetTagValues\",\"tag:GetTagKeys\",\"tag:GetResources\",\"support:RefreshTrustedAdvisorCheck\",\"support:DescribeTrustedAdvisor*\",\"states:ListStateMachines\",\"states:DescribeStateMachine\",\"sqs:ListQueues\",\"sns:Publish\",\"sns:List*\",\"sns:GetSubscriptionAttributes\",\"ses:Get*\",\"savingsplans:DescribeSavingsPlans\",\"savingsplans:DescribeSavingsPlanRates\",\"s3:PutBucketNotification\",\"s3:ListAllMyBuckets\",\"s3:ListAccessGrants\",\"s3:GetBucketTagging\",\"s3:GetBucketNotification\",\"s3:GetBucketLogging\",\"s3:GetBucketLocation\",\"route53:List*\",\"redshift:DescribeLoggingStatus\",\"redshift:DescribeClusters\",\"rds:List*\",\"rds:Describe*\",\"organizations:List*\",\"organizations:Describe*\",\"oam:ListSinks\",\"oam:ListAttachedLinks\",\"logs:TestMetricFilter\",\"logs:PutSubscriptionFilter\",\"logs:FilterLogEvents\",\"logs:DescribeSubscriptionFilters\",\"logs:DescribeLogStreams\",\"logs:DescribeLogGroups\",\"logs:DeleteSubscriptionFilter\",\"lightsail:GetInstancePortStates\",\"lambda:List*\",\"lambda:GetPolicy\",\"kinesis:List*\",\"kinesis:Describe*\",\"health:DescribeEvents\",\"health:DescribeEventDetails\",\"health:DescribeAffectedEntities\",\"glue:ListRegistries\",\"glacier:GetVaultNotifications\",\"fsx:ListTagsForResource\",\"fsx:DescribeFileSystems\",\"events:CreateEventBus\",\"es:ListTags\",\"es:ListDomainNames\",\"es:DescribeElasticsearchDomains\",\"elasticmapreduce:List*\",\"elasticmapreduce:Describe*\",\"elasticloadbalancing:Describe*\",\"elasticfilesystem:DescribeTags\",\"elasticfilesystem:DescribeFileSystems\",\"elasticfilesystem:DescribeAccessPoints\",\"elasticache:List*\",\"elasticache:Describe*\",\"ecs:List*\",\"ecs:Describe*\",\"ec2:SearchTransitGatewayRoutes\",\"ec2:GetTransitGatewayPrefixListReferences\",\"ec2:GetSnapshotBlockPublicAccessState\",\"ec2:Describe*\",\"dynamodb:List*\",\"dynamodb:Describe*\",\"directconnect:Describe*\",\"cur:DescribeReportDefinitions\",\"codedeploy:List*\",\"codedeploy:BatchGet*\",\"cloudwatch:List*\",\"cloudwatch:Get*\",\"cloudwatch:Describe*\",\"cloudtrail:LookupEvents\",\"cloudtrail:GetTrailStatus\",\"cloudtrail:DescribeTrails\",\"cloudfront:ListDistributions\",\"cloudfront:GetDistributionConfig\",\"cassandra:Select\",\"budgets:ViewBudget\",\"bcm-data-exports:ListExports\",\"bcm-data-exports:GetExport\",\"backup:ListRecoveryPointsByBackupVault\",\"backup:List*\",\"autoscaling:Describe*\",\"apigateway:GET\"],\"Effect\":\"Allow\",\"Resource\":\"*\"}],\"Version\":\"2012-10-17\"}",
            "policy_id": "ANPATG6MGXLEN5QHBCGEK",
            "tags": {},
            "tags_all": {}
          },
          "sensitive_attributes": [],
          "private": "bnVsbA==",
          "dependencies": [
            "data.aws_iam_policy_document.datadog_aws_integration"
          ]
        }
      ]
    },
    {
      "mode": "managed",
      "type": "aws_iam_policy",
      "name": "datadog_policy",
      "provider": "provider[\"registry.terraform.io/hashicorp/aws\"]",
      "instances": [
        {
          "schema_version": 0,
          "attributes": {
            "arn": "arn:aws:iam::221082204872:policy/DatadogPolicy",
            "attachment_count": 0,
            "description": "PolÃ­tica para permitir a Datadog acceder a CloudWatch",
            "id": "arn:aws:iam::221082204872:policy/DatadogPolicy",
            "name": "DatadogPolicy",
            "name_prefix": "",
            "path": "/",
            "policy": "{\"Statement\":[{\"Action\":[\"apigateway:GET\",\"autoscaling:Describe*\",\"backup:List*\",\"backup:ListRecoveryPointsByBackupVault\",\"bcm-data-exports:GetExport\",\"bcm-data-exports:ListExports\",\"budgets:ViewBudget\",\"cassandra:Select\",\"cloudfront:GetDistributionConfig\",\"cloudfront:ListDistributions\",\"cloudtrail:DescribeTrails\",\"cloudtrail:GetTrailStatus\",\"cloudtrail:LookupEvents\",\"cloudwatch:Describe*\",\"cloudwatch:Get*\",\"cloudwatch:List*\",\"codedeploy:BatchGet*\",\"codedeploy:List*\",\"cur:DescribeReportDefinitions\",\"directconnect:Describe*\",\"dynamodb:Describe*\",\"dynamodb:List*\",\"ec2:Describe*\",\"ec2:GetSnapshotBlockPublicAccessState\",\"ec2:GetTransitGatewayPrefixListReferences\",\"ec2:SearchTransitGatewayRoutes\",\"ecs:Describe*\",\"ecs:List*\",\"elasticache:Describe*\",\"elasticache:List*\",\"elasticfilesystem:DescribeAccessPoints\",\"elasticfilesystem:DescribeFileSystems\",\"elasticfilesystem:DescribeTags\",\"elasticloadbalancing:Describe*\",\"elasticmapreduce:Describe*\",\"elasticmapreduce:List*\",\"es:DescribeElasticsearchDomains\",\"es:ListDomainNames\",\"es:ListTags\",\"events:CreateEventBus\",\"fsx:DescribeFileSystems\",\"fsx:ListTagsForResource\",\"glacier:GetVaultNotifications\",\"glue:ListRegistries\",\"health:DescribeAffectedEntities\",\"health:DescribeEventDetails\",\"health:DescribeEvents\",\"kinesis:Describe*\",\"kinesis:List*\",\"lambda:GetPolicy\",\"lambda:List*\",\"lightsail:GetInstancePortStates\",\"logs:DeleteSubscriptionFilter\",\"logs:DescribeLogGroups\",\"logs:DescribeLogStreams\",\"logs:DescribeSubscriptionFilters\",\"logs:FilterLogEvents\",\"logs:PutSubscriptionFilter\",\"logs:TestMetricFilter\",\"oam:ListAttachedLinks\",\"oam:ListSinks\",\"organizations:Describe*\",\"organizations:List*\",\"rds:Describe*\",\"rds:List*\",\"redshift:DescribeClusters\",\"redshift:DescribeLoggingStatus\",\"route53:List*\",\"s3:GetBucketLocation\",\"s3:GetBucketLogging\",\"s3:GetBucketNotification\",\"s3:GetBucketTagging\",\"s3:ListAccessGrants\",\"s3:ListAllMyBuckets\",\"s3:PutBucketNotification\",\"savingsplans:DescribeSavingsPlanRates\",\"savingsplans:DescribeSavingsPlans\",\"ses:Get*\",\"sns:GetSubscriptionAttributes\",\"sns:List*\",\"sns:Publish\",\"sqs:ListQueues\",\"states:DescribeStateMachine\",\"states:ListStateMachines\",\"support:DescribeTrustedAdvisor*\",\"support:RefreshTrustedAdvisorCheck\",\"tag:GetResources\",\"tag:GetTagKeys\",\"tag:GetTagValues\",\"timestream:DescribeEndpoints\",\"waf-regional:ListRuleGroups\",\"waf-regional:ListRules\",\"waf:ListRuleGroups\",\"waf:ListRules\",\"wafv2:GetIPSet\",\"wafv2:GetLoggingConfiguration\",\"wafv2:GetRegexPatternSet\",\"wafv2:GetRuleGroup\",\"wafv2:ListLoggingConfigurations\",\"xray:BatchGetTraces\",\"xray:GetTraceSummaries\"],\"Effect\":\"Allow\",\"Resource\":\"*\"}],\"Version\":\"2012-10-17\"}",
            "policy_id": "ANPATG6MGXLEEQTIO3455",
            "tags": null,
            "tags_all": {}
          },
          "sensitive_attributes": [],
          "private": "bnVsbA=="
        }
      ]
    },
    {
      "mode": "managed",
      "type": "aws_iam_policy",
      "name": "s3_access_policy",
      "provider": "provider[\"registry.terraform.io/hashicorp/aws\"]",
      "instances": [
        {
          "schema_version": 0,
          "attributes": {
            "arn": "arn:aws:iam::221082204872:policy/s3-access-policy",
            "attachment_count": 1,
            "description": "",
            "id": "arn:aws:iam::221082204872:policy/s3-access-policy",
            "name": "s3-access-policy",
            "name_prefix": "",
            "path": "/",
            "policy": "{\"Statement\":[{\"Action\":\"s3:GetObject\",\"Effect\":\"Allow\",\"Resource\":\"arn:aws:s3:::bucket-lti-project-code/*\"}],\"Version\":\"2012-10-17\"}",
            "policy_id": "ANPATG6MGXLEPR7N3H62I",
            "tags": {},
            "tags_all": {}
          },
          "sensitive_attributes": [],
          "private": "bnVsbA==",
          "dependencies": [
            "aws_s3_bucket.bucket-lti-project-code",
            "data.aws_iam_policy_document.s3_access_policy"
          ]
        }
      ]
    },
    {
      "mode": "managed",
      "type": "aws_iam_role",
      "name": "datadog_aws_integration",
      "provider": "provider[\"registry.terraform.io/hashicorp/aws\"]",
      "instances": [
        {
          "schema_version": 0,
          "attributes": {
            "arn": "arn:aws:iam::221082204872:role/DatadogIntegrationRole",
            "assume_role_policy": "{\"Statement\":[{\"Action\":\"sts:AssumeRole\",\"Condition\":{\"StringEquals\":{\"sts:ExternalId\":\"49b650ab30ae4c28a3c797cc46265689\"}},\"Effect\":\"Allow\",\"Principal\":{\"AWS\":\"arn:aws:iam::464622532012:root\"}}],\"Version\":\"2012-10-17\"}",
            "create_date": "2025-02-25T03:50:02Z",
            "description": "Role for Datadog AWS Integration",
            "force_detach_policies": false,
            "id": "DatadogIntegrationRole",
            "inline_policy": [],
            "managed_policy_arns": [
              "arn:aws:iam::221082204872:policy/DatadogAWSIntegrationPolicy",
              "arn:aws:iam::aws:policy/SecurityAudit"
            ],
            "max_session_duration": 3600,
            "name": "DatadogIntegrationRole",
            "name_prefix": "",
            "path": "/",
            "permissions_boundary": "",
            "tags": {},
            "tags_all": {},
            "unique_id": "AROATG6MGXLEMADF5WAHG"
          },
          "sensitive_attributes": [],
          "private": "bnVsbA==",
          "dependencies": [
            "data.aws_iam_policy_document.datadog_aws_integration_assume_role",
            "datadog_integration_aws_account.datadog_integration"
          ]
        }
      ]
    },
    {
      "mode": "managed",
      "type": "aws_iam_role",
      "name": "ec2_role",
      "provider": "provider[\"registry.terraform.io/hashicorp/aws\"]",
      "instances": [
        {
          "schema_version": 0,
          "attributes": {
            "arn": "arn:aws:iam::221082204872:role/lti-project-ec2-role",
            "assume_role_policy": "{\"Statement\":[{\"Action\":\"sts:AssumeRole\",\"Effect\":\"Allow\",\"Principal\":{\"Service\":\"ec2.amazonaws.com\"},\"Sid\":\"\"}],\"Version\":\"2012-10-17\"}",
            "create_date": "2025-02-25T01:35:21Z",
            "description": "",
            "force_detach_policies": false,
            "id": "lti-project-ec2-role",
            "inline_policy": [],
            "managed_policy_arns": [
              "arn:aws:iam::221082204872:policy/s3-access-policy"
            ],
            "max_session_duration": 3600,
            "name": "lti-project-ec2-role",
            "name_prefix": "",
            "path": "/",
            "permissions_boundary": "",
            "tags": {},
            "tags_all": {},
            "unique_id": "AROATG6MGXLECBZGTPBCL"
          },
          "sensitive_attributes": [],
          "private": "bnVsbA=="
        }
      ]
    },
    {
      "mode": "managed",
      "type": "aws_iam_role_policy_attachment",
      "name": "attach_s3_access_policy",
      "provider": "provider[\"registry.terraform.io/hashicorp/aws\"]",
      "instances": [
        {
          "schema_version": 0,
          "attributes": {
            "id": "lti-project-ec2-role-20250225015135459800000001",
            "policy_arn": "arn:aws:iam::221082204872:policy/s3-access-policy",
            "role": "lti-project-ec2-role"
          },
          "sensitive_attributes": [],
          "private": "bnVsbA==",
          "dependencies": [
            "aws_iam_policy.s3_access_policy",
            "aws_iam_role.ec2_role",
            "aws_s3_bucket.bucket-lti-project-code",
            "data.aws_iam_policy_document.s3_access_policy"
          ]
        }
      ]
    },
    {
      "mode": "managed",
      "type": "aws_iam_role_policy_attachment",
      "name": "datadog_aws_integration",
      "provider": "provider[\"registry.terraform.io/hashicorp/aws\"]",
      "instances": [
        {
          "schema_version": 0,
          "attributes": {
            "id": "DatadogIntegrationRole-20250225035003139800000002",
            "policy_arn": "arn:aws:iam::221082204872:policy/DatadogAWSIntegrationPolicy",
            "role": "DatadogIntegrationRole"
          },
          "sensitive_attributes": [],
          "private": "bnVsbA==",
          "dependencies": [
            "aws_iam_policy.datadog_aws_integration",
            "aws_iam_role.datadog_aws_integration",
            "data.aws_iam_policy_document.datadog_aws_integration",
            "data.aws_iam_policy_document.datadog_aws_integration_assume_role",
            "datadog_integration_aws_account.datadog_integration"
          ]
        }
      ]
    },
    {
      "mode": "managed",
      "type": "aws_iam_role_policy_attachment",
      "name": "datadog_aws_integration_security_audit",
      "provider": "provider[\"registry.terraform.io/hashicorp/aws\"]",
      "instances": [
        {
          "schema_version": 0,
          "attributes": {
            "id": "DatadogIntegrationRole-20250225035003128500000001",
            "policy_arn": "arn:aws:iam::aws:policy/SecurityAudit",
            "role": "DatadogIntegrationRole"
          },
          "sensitive_attributes": [],
          "private": "bnVsbA==",
          "dependencies": [
            "aws_iam_role.datadog_aws_integration",
            "data.aws_iam_policy_document.datadog_aws_integration_assume_role",
            "datadog_integration_aws_account.datadog_integration"
          ]
        }
      ]
    },
    {
      "mode": "managed",
      "type": "aws_instance",
      "name": "backend",
      "provider": "provider[\"registry.terraform.io/hashicorp/aws\"]",
      "instances": [
        {
          "schema_version": 1,
          "attributes": {
            "ami": "ami-0a31834d359d68156",
            "arn": "arn:aws:ec2:us-east-2:221082204872:instance/i-0082c13153580a21b",
            "associate_public_ip_address": true,
            "availability_zone": "us-east-2a",
            "capacity_reservation_specification": [
              {
                "capacity_reservation_preference": "open",
                "capacity_reservation_target": []
              }
            ],
            "cpu_core_count": 1,
            "cpu_options": [
              {
                "amd_sev_snp": "",
                "core_count": 1,
                "threads_per_core": 1
              }
            ],
            "cpu_threads_per_core": 1,
            "credit_specification": [
              {
                "cpu_credits": "standard"
              }
            ],
            "disable_api_stop": false,
            "disable_api_termination": false,
            "ebs_block_device": [],
            "ebs_optimized": false,
            "enable_primary_ipv6": null,
            "enclave_options": [
              {
                "enabled": false
              }
            ],
            "ephemeral_block_device": [],
            "get_password_data": false,
            "hibernation": false,
            "host_id": "",
            "host_resource_group_arn": null,
            "iam_instance_profile": "lti-project-ec2-instance-profile",
            "id": "i-0082c13153580a21b",
            "instance_initiated_shutdown_behavior": "stop",
            "instance_lifecycle": "",
            "instance_market_options": [],
            "instance_state": "running",
            "instance_type": "t2.micro",
            "ipv6_address_count": 0,
            "ipv6_addresses": [],
            "key_name": "",
            "launch_template": [],
            "maintenance_options": [
              {
                "auto_recovery": "default"
              }
            ],
            "metadata_options": [
              {
                "http_endpoint": "enabled",
                "http_protocol_ipv6": "disabled",
                "http_put_response_hop_limit": 1,
                "http_tokens": "optional",
                "instance_metadata_tags": "disabled"
              }
            ],
            "monitoring": false,
            "network_interface": [],
            "outpost_arn": "",
            "password_data": "",
            "placement_group": "",
            "placement_partition_number": 0,
            "primary_network_interface_id": "eni-00f8ae7d9184c5850",
            "private_dns": "ip-172-31-11-12.us-east-2.compute.internal",
            "private_dns_name_options": [
              {
                "enable_resource_name_dns_a_record": false,
                "enable_resource_name_dns_aaaa_record": false,
                "hostname_type": "ip-name"
              }
            ],
            "private_ip": "172.31.11.12",
            "public_dns": "ec2-3-144-39-113.us-east-2.compute.amazonaws.com",
            "public_ip": "3.144.39.113",
            "root_block_device": [
              {
                "delete_on_termination": true,
                "device_name": "/dev/xvda",
                "encrypted": false,
                "iops": 100,
                "kms_key_id": "",
                "tags": {},
                "tags_all": {},
                "throughput": 0,
                "volume_id": "vol-036c2c1ce38983190",
                "volume_size": 8,
                "volume_type": "gp2"
              }
            ],
            "secondary_private_ips": [],
            "security_groups": [
              "lti-project-backend-sg"
            ],
            "source_dest_check": true,
            "spot_instance_request_id": "",
            "subnet_id": "subnet-0a515e9b6b2df3f49",
            "tags": {
              "Datadog": "true",
              "Name": "lti-project-backend"
            },
            "tags_all": {
              "Datadog": "true",
              "Name": "lti-project-backend"
            },
            "tenancy": "default",
            "timeouts": null,
            "user_data": "592ca350571b17ebebaed3f73c888074eaad2891",
            "user_data_base64": null,
            "user_data_replace_on_change": false,
            "volume_tags": null,
            "vpc_security_group_ids": [
              "sg-01cfd634e482e1eda"
            ]
          },
          "sensitive_attributes": [],
          "private": "eyJlMmJmYjczMC1lY2FhLTExZTYtOGY4OC0zNDM2M2JjN2M0YzAiOnsiY3JlYXRlIjo2MDAwMDAwMDAwMDAsImRlbGV0ZSI6MTIwMDAwMDAwMDAwMCwicmVhZCI6OTAwMDAwMDAwMDAwLCJ1cGRhdGUiOjYwMDAwMDAwMDAwMH0sInNjaGVtYV92ZXJzaW9uIjoiMSJ9",
          "dependencies": [
            "aws_iam_instance_profile.ec2_instance_profile",
            "aws_security_group.backend_sg",
            "data.aws_ami.amazon_linux"
          ]
        }
      ]
    },
    {
      "mode": "managed",
      "type": "aws_instance",
      "name": "frontend",
      "provider": "provider[\"registry.terraform.io/hashicorp/aws\"]",
      "instances": [
        {
          "schema_version": 1,
          "attributes": {
            "ami": "ami-0a31834d359d68156",
            "arn": "arn:aws:ec2:us-east-2:221082204872:instance/i-0abf1284871927204",
            "associate_public_ip_address": true,
            "availability_zone": "us-east-2a",
            "capacity_reservation_specification": [
              {
                "capacity_reservation_preference": "open",
                "capacity_reservation_target": []
              }
            ],
            "cpu_core_count": 2,
            "cpu_options": [
              {
                "amd_sev_snp": "",
                "core_count": 2,
                "threads_per_core": 1
              }
            ],
            "cpu_threads_per_core": 1,
            "credit_specification": [
              {
                "cpu_credits": "standard"
              }
            ],
            "disable_api_stop": false,
            "disable_api_termination": false,
            "ebs_block_device": [],
            "ebs_optimized": false,
            "enable_primary_ipv6": null,
            "enclave_options": [
              {
                "enabled": false
              }
            ],
            "ephemeral_block_device": [],
            "get_password_data": false,
            "hibernation": false,
            "host_id": "",
            "host_resource_group_arn": null,
            "iam_instance_profile": "lti-project-ec2-instance-profile",
            "id": "i-0abf1284871927204",
            "instance_initiated_shutdown_behavior": "stop",
            "instance_lifecycle": "",
            "instance_market_options": [],
            "instance_state": "running",
            "instance_type": "t2.medium",
            "ipv6_address_count": 0,
            "ipv6_addresses": [],
            "key_name": "",
            "launch_template": [],
            "maintenance_options": [
              {
                "auto_recovery": "default"
              }
            ],
            "metadata_options": [
              {
                "http_endpoint": "enabled",
                "http_protocol_ipv6": "disabled",
                "http_put_response_hop_limit": 1,
                "http_tokens": "optional",
                "instance_metadata_tags": "disabled"
              }
            ],
            "monitoring": false,
            "network_interface": [],
            "outpost_arn": "",
            "password_data": "",
            "placement_group": "",
            "placement_partition_number": 0,
            "primary_network_interface_id": "eni-045dfdeb363c6b9a8",
            "private_dns": "ip-172-31-2-42.us-east-2.compute.internal",
            "private_dns_name_options": [
              {
                "enable_resource_name_dns_a_record": false,
                "enable_resource_name_dns_aaaa_record": false,
                "hostname_type": "ip-name"
              }
            ],
            "private_ip": "172.31.2.42",
            "public_dns": "ec2-3-135-214-127.us-east-2.compute.amazonaws.com",
            "public_ip": "3.135.214.127",
            "root_block_device": [
              {
                "delete_on_termination": true,
                "device_name": "/dev/xvda",
                "encrypted": false,
                "iops": 100,
                "kms_key_id": "",
                "tags": {},
                "tags_all": {},
                "throughput": 0,
                "volume_id": "vol-0d25fa18d267e4460",
                "volume_size": 8,
                "volume_type": "gp2"
              }
            ],
            "secondary_private_ips": [],
            "security_groups": [
              "lti-project-frontend-sg"
            ],
            "source_dest_check": true,
            "spot_instance_request_id": "",
            "subnet_id": "subnet-0a515e9b6b2df3f49",
            "tags": {
              "Datadog": "true",
              "Name": "lti-project-frontend"
            },
            "tags_all": {
              "Datadog": "true",
              "Name": "lti-project-frontend"
            },
            "tenancy": "default",
            "timeouts": null,
            "user_data": "6983cc3ed11bb770c2ec2b95576c0ef8d9b646f4",
            "user_data_base64": null,
            "user_data_replace_on_change": false,
            "volume_tags": null,
            "vpc_security_group_ids": [
              "sg-08f75353bc4a622c6"
            ]
          },
          "sensitive_attributes": [],
          "private": "eyJlMmJmYjczMC1lY2FhLTExZTYtOGY4OC0zNDM2M2JjN2M0YzAiOnsiY3JlYXRlIjo2MDAwMDAwMDAwMDAsImRlbGV0ZSI6MTIwMDAwMDAwMDAwMCwicmVhZCI6OTAwMDAwMDAwMDAwLCJ1cGRhdGUiOjYwMDAwMDAwMDAwMH0sInNjaGVtYV92ZXJzaW9uIjoiMSJ9",
          "dependencies": [
            "aws_iam_instance_profile.ec2_instance_profile",
            "aws_security_group.frontend_sg",
            "data.aws_ami.amazon_linux"
          ]
        }
      ]
    },
    {
      "mode": "managed",
      "type": "aws_s3_bucket",
      "name": "bucket-lti-project-code",
      "provider": "provider[\"registry.terraform.io/hashicorp/aws\"]",
      "instances": [
        {
          "schema_version": 0,
          "attributes": {
            "acceleration_status": "",
            "acl": null,
            "arn": "arn:aws:s3:::bucket-lti-project-code",
            "bucket": "bucket-lti-project-code",
            "bucket_domain_name": "bucket-lti-project-code.s3.amazonaws.com",
            "bucket_prefix": "",
            "bucket_regional_domain_name": "bucket-lti-project-code.s3.us-east-2.amazonaws.com",
            "cors_rule": [],
            "force_destroy": false,
            "grant": [
              {
                "id": "baf283b4ff6364e4dc27023f9c3cf45021c219a8b084ec66b4631e7ae94a68b6",
                "permissions": [
                  "FULL_CONTROL"
                ],
                "type": "CanonicalUser",
                "uri": ""
              }
            ],
            "hosted_zone_id": "Z2O1EMRO9K5GLX",
            "id": "bucket-lti-project-code",
            "lifecycle_rule": [],
            "logging": [],
            "object_lock_configuration": [],
            "object_lock_enabled": false,
            "policy": "",
            "region": "us-east-2",
            "replication_configuration": [],
            "request_payer": "BucketOwner",
            "server_side_encryption_configuration": [
              {
                "rule": [
                  {
                    "apply_server_side_encryption_by_default": [
                      {
                        "kms_master_key_id": "",
                        "sse_algorithm": "AES256"
                      }
                    ],
                    "bucket_key_enabled": false
                  }
                ]
              }
            ],
            "tags": {},
            "tags_all": {},
            "timeouts": null,
            "versioning": [
              {
                "enabled": false,
                "mfa_delete": false
              }
            ],
            "website": [],
            "website_domain": null,
            "website_endpoint": null
          },
          "sensitive_attributes": [],
          "private": "eyJlMmJmYjczMC1lY2FhLTExZTYtOGY4OC0zNDM2M2JjN2M0YzAiOnsiY3JlYXRlIjoxMjAwMDAwMDAwMDAwLCJkZWxldGUiOjM2MDAwMDAwMDAwMDAsInJlYWQiOjEyMDAwMDAwMDAwMDAsInVwZGF0ZSI6MTIwMDAwMDAwMDAwMH19"
        }
      ]
    },
    {
      "mode": "managed",
      "type": "aws_s3_bucket_object",
      "name": "backend_zip",
      "provider": "provider[\"registry.terraform.io/hashicorp/aws\"]",
      "instances": [
        {
          "schema_version": 0,
          "attributes": {
            "acl": "private",
            "arn": "arn:aws:s3:::bucket-lti-project-code/backend.zip",
            "bucket": "bucket-lti-project-code",
            "bucket_key_enabled": false,
            "cache_control": "",
            "content": null,
            "content_base64": null,
            "content_disposition": "",
            "content_encoding": "",
            "content_language": "",
            "content_type": "application/octet-stream",
            "etag": "733be52824c6c6f3b4dd53fb553a051c",
            "force_destroy": false,
            "id": "backend.zip",
            "key": "backend.zip",
            "kms_key_id": null,
            "metadata": {},
            "object_lock_legal_hold_status": "",
            "object_lock_mode": "",
            "object_lock_retain_until_date": "",
            "server_side_encryption": "AES256",
            "source": "../backend.zip",
            "source_hash": null,
            "storage_class": "STANDARD",
            "tags": {},
            "tags_all": {},
            "version_id": "",
            "website_redirect": ""
          },
          "sensitive_attributes": [],
          "private": "bnVsbA==",
          "dependencies": [
            "aws_s3_bucket.bucket-lti-project-code",
            "null_resource.generate_zip"
          ]
        }
      ]
    },
    {
      "mode": "managed",
      "type": "aws_s3_bucket_object",
      "name": "frontend_zip",
      "provider": "provider[\"registry.terraform.io/hashicorp/aws\"]",
      "instances": [
        {
          "schema_version": 0,
          "attributes": {
            "acl": "private",
            "arn": "arn:aws:s3:::bucket-lti-project-code/frontend.zip",
            "bucket": "bucket-lti-project-code",
            "bucket_key_enabled": false,
            "cache_control": "",
            "content": null,
            "content_base64": null,
            "content_disposition": "",
            "content_encoding": "",
            "content_language": "",
            "content_type": "application/octet-stream",
            "etag": "b43637823b460710665a3181ca89f4e9",
            "force_destroy": false,
            "id": "frontend.zip",
            "key": "frontend.zip",
            "kms_key_id": null,
            "metadata": {},
            "object_lock_legal_hold_status": "",
            "object_lock_mode": "",
            "object_lock_retain_until_date": "",
            "server_side_encryption": "AES256",
            "source": "../frontend.zip",
            "source_hash": null,
            "storage_class": "STANDARD",
            "tags": {},
            "tags_all": {},
            "version_id": "",
            "website_redirect": ""
          },
          "sensitive_attributes": [],
          "private": "bnVsbA==",
          "dependencies": [
            "aws_s3_bucket.bucket-lti-project-code",
            "null_resource.generate_zip"
          ]
        }
      ]
    },
    {
      "mode": "managed",
      "type": "aws_security_group",
      "name": "backend_sg",
      "provider": "provider[\"registry.terraform.io/hashicorp/aws\"]",
      "instances": [
        {
          "schema_version": 1,
          "attributes": {
            "arn": "arn:aws:ec2:us-east-2:221082204872:security-group/sg-01cfd634e482e1eda",
            "description": "Allow HTTP and SSH access",
            "egress": [
              {
                "cidr_blocks": [
                  "0.0.0.0/0"
                ],
                "description": "",
                "from_port": 0,
                "ipv6_cidr_blocks": [],
                "prefix_list_ids": [],
                "protocol": "-1",
                "security_groups": [],
                "self": false,
                "to_port": 0
              }
            ],
            "id": "sg-01cfd634e482e1eda",
            "ingress": [
              {
                "cidr_blocks": [
                  "0.0.0.0/0"
                ],
                "description": "",
                "from_port": 22,
                "ipv6_cidr_blocks": [],
                "prefix_list_ids": [],
                "protocol": "tcp",
                "security_groups": [],
                "self": false,
                "to_port": 22
              },
              {
                "cidr_blocks": [
                  "0.0.0.0/0"
                ],
                "description": "",
                "from_port": 8080,
                "ipv6_cidr_blocks": [],
                "prefix_list_ids": [],
                "protocol": "tcp",
                "security_groups": [],
                "self": false,
                "to_port": 8080
              }
            ],
            "name": "lti-project-backend-sg",
            "name_prefix": "",
            "owner_id": "221082204872",
            "revoke_rules_on_delete": false,
            "tags": {},
            "tags_all": {},
            "timeouts": null,
            "vpc_id": "vpc-02d13c1f629c12337"
          },
          "sensitive_attributes": [],
          "private": "eyJlMmJmYjczMC1lY2FhLTExZTYtOGY4OC0zNDM2M2JjN2M0YzAiOnsiY3JlYXRlIjo2MDAwMDAwMDAwMDAsImRlbGV0ZSI6OTAwMDAwMDAwMDAwfSwic2NoZW1hX3ZlcnNpb24iOiIxIn0="
        }
      ]
    },
    {
      "mode": "managed",
      "type": "aws_security_group",
      "name": "frontend_sg",
      "provider": "provider[\"registry.terraform.io/hashicorp/aws\"]",
      "instances": [
        {
          "schema_version": 1,
          "attributes": {
            "arn": "arn:aws:ec2:us-east-2:221082204872:security-group/sg-08f75353bc4a622c6",
            "description": "Allow HTTP and SSH access",
            "egress": [
              {
                "cidr_blocks": [
                  "0.0.0.0/0"
                ],
                "description": "",
                "from_port": 0,
                "ipv6_cidr_blocks": [],
                "prefix_list_ids": [],
                "protocol": "-1",
                "security_groups": [],
                "self": false,
                "to_port": 0
              }
            ],
            "id": "sg-08f75353bc4a622c6",
            "ingress": [
              {
                "cidr_blocks": [
                  "0.0.0.0/0"
                ],
                "description": "",
                "from_port": 22,
                "ipv6_cidr_blocks": [],
                "prefix_list_ids": [],
                "protocol": "tcp",
                "security_groups": [],
                "self": false,
                "to_port": 22
              },
              {
                "cidr_blocks": [
                  "0.0.0.0/0"
                ],
                "description": "",
                "from_port": 3000,
                "ipv6_cidr_blocks": [],
                "prefix_list_ids": [],
                "protocol": "tcp",
                "security_groups": [],
                "self": false,
                "to_port": 3000
              }
            ],
            "name": "lti-project-frontend-sg",
            "name_prefix": "",
            "owner_id": "221082204872",
            "revoke_rules_on_delete": false,
            "tags": {},
            "tags_all": {},
            "timeouts": null,
            "vpc_id": "vpc-02d13c1f629c12337"
          },
          "sensitive_attributes": [],
          "private": "eyJlMmJmYjczMC1lY2FhLTExZTYtOGY4OC0zNDM2M2JjN2M0YzAiOnsiY3JlYXRlIjo2MDAwMDAwMDAwMDAsImRlbGV0ZSI6OTAwMDAwMDAwMDAwfSwic2NoZW1hX3ZlcnNpb24iOiIxIn0="
        }
      ]
    },
    {
      "mode": "managed",
      "type": "datadog_dashboard",
      "name": "ec2_dashboard",
      "provider": "provider[\"registry.terraform.io/datadog/datadog\"]",
      "instances": [
        {
          "schema_version": 0,
          "attributes": {
            "dashboard_lists": null,
            "dashboard_lists_removed": [],
            "description": "Dashboard para monitorizar instancias EC2",
            "id": "kqx-f7i-839",
            "is_read_only": false,
            "layout_type": "ordered",
            "notify_list": [],
            "reflow_type": "",
            "restricted_roles": [],
            "tags": [],
            "template_variable": [],
            "template_variable_preset": [],
            "title": "EC2 Monitoring Dashboard",
            "url": "/dashboard/kqx-f7i-839/ec2-monitoring-dashboard",
            "widget": [
              {
                "alert_graph_definition": [],
                "alert_value_definition": [],
                "change_definition": [],
                "check_status_definition": [],
                "distribution_definition": [],
                "event_stream_definition": [],
                "event_timeline_definition": [],
                "free_text_definition": [],
                "geomap_definition": [],
                "group_definition": [],
                "heatmap_definition": [],
                "hostmap_definition": [],
                "id": 7693102549757500,
                "iframe_definition": [],
                "image_definition": [],
                "list_stream_definition": [],
                "log_stream_definition": [],
                "manage_status_definition": [],
                "note_definition": [],
                "powerpack_definition": [],
                "query_table_definition": [],
                "query_value_definition": [],
                "run_workflow_definition": [],
                "scatterplot_definition": [],
                "service_level_objective_definition": [],
                "servicemap_definition": [],
                "slo_list_definition": [],
                "split_graph_definition": [],
                "sunburst_definition": [],
                "timeseries_definition": [
                  {
                    "custom_link": [],
                    "event": [],
                    "legend_columns": [],
                    "legend_layout": "",
                    "legend_size": "",
                    "live_span": "",
                    "marker": [],
                    "request": [
                      {
                        "apm_query": [],
                        "audit_query": [],
                        "display_type": "",
                        "formula": [],
                        "log_query": [],
                        "metadata": [],
                        "network_query": [],
                        "on_right_yaxis": false,
                        "process_query": [],
                        "q": "avg:aws.ec2.cpuutilization{*} by {instance_id}",
                        "query": [],
                        "rum_query": [],
                        "security_query": [],
                        "style": []
                      }
                    ],
                    "right_yaxis": [],
                    "show_legend": false,
                    "title": "CPU Utilization",
                    "title_align": "",
                    "title_size": "",
                    "yaxis": []
                  }
                ],
                "toplist_definition": [],
                "topology_map_definition": [],
                "trace_service_definition": [],
                "treemap_definition": [],
                "widget_layout": []
              },
              {
                "alert_graph_definition": [],
                "alert_value_definition": [],
                "change_definition": [],
                "check_status_definition": [],
                "distribution_definition": [],
                "event_stream_definition": [],
                "event_timeline_definition": [],
                "free_text_definition": [],
                "geomap_definition": [],
                "group_definition": [],
                "heatmap_definition": [],
                "hostmap_definition": [],
                "id": 17587544414685,
                "iframe_definition": [],
                "image_definition": [],
                "list_stream_definition": [],
                "log_stream_definition": [],
                "manage_status_definition": [],
                "note_definition": [],
                "powerpack_definition": [],
                "query_table_definition": [],
                "query_value_definition": [],
                "run_workflow_definition": [],
                "scatterplot_definition": [],
                "service_level_objective_definition": [],
                "servicemap_definition": [],
                "slo_list_definition": [],
                "split_graph_definition": [],
                "sunburst_definition": [],
                "timeseries_definition": [
                  {
                    "custom_link": [],
                    "event": [],
                    "legend_columns": [],
                    "legend_layout": "",
                    "legend_size": "",
                    "live_span": "",
                    "marker": [],
                    "request": [
                      {
                        "apm_query": [],
                        "audit_query": [],
                        "display_type": "",
                        "formula": [],
                        "log_query": [],
                        "metadata": [],
                        "network_query": [],
                        "on_right_yaxis": false,
                        "process_query": [],
                        "q": "avg:aws.ec2.network_in{*} by {instance_id}",
                        "query": [],
                        "rum_query": [],
                        "security_query": [],
                        "style": []
                      }
                    ],
                    "right_yaxis": [],
                    "show_legend": false,
                    "title": "Network In",
                    "title_align": "",
                    "title_size": "",
                    "yaxis": []
                  }
                ],
                "toplist_definition": [],
                "topology_map_definition": [],
                "trace_service_definition": [],
                "treemap_definition": [],
                "widget_layout": []
              },
              {
                "alert_graph_definition": [],
                "alert_value_definition": [],
                "change_definition": [],
                "check_status_definition": [],
                "distribution_definition": [],
                "event_stream_definition": [],
                "event_timeline_definition": [],
                "free_text_definition": [],
                "geomap_definition": [],
                "group_definition": [],
                "heatmap_definition": [],
                "hostmap_definition": [],
                "id": 3359381847994278,
                "iframe_definition": [],
                "image_definition": [],
                "list_stream_definition": [],
                "log_stream_definition": [],
                "manage_status_definition": [],
                "note_definition": [],
                "powerpack_definition": [],
                "query_table_definition": [],
                "query_value_definition": [],
                "run_workflow_definition": [],
                "scatterplot_definition": [],
                "service_level_objective_definition": [],
                "servicemap_definition": [],
                "slo_list_definition": [],
                "split_graph_definition": [],
                "sunburst_definition": [],
                "timeseries_definition": [
                  {
                    "custom_link": [],
                    "event": [],
                    "legend_columns": [],
                    "legend_layout": "",
                    "legend_size": "",
                    "live_span": "",
                    "marker": [],
                    "request": [
                      {
                        "apm_query": [],
                        "audit_query": [],
                        "display_type": "",
                        "formula": [],
                        "log_query": [],
                        "metadata": [],
                        "network_query": [],
                        "on_right_yaxis": false,
                        "process_query": [],
                        "q": "avg:aws.ec2.network_out{*} by {instance_id}",
                        "query": [],
                        "rum_query": [],
                        "security_query": [],
                        "style": []
                      }
                    ],
                    "right_yaxis": [],
                    "show_legend": false,
                    "title": "Network Out",
                    "title_align": "",
                    "title_size": "",
                    "yaxis": []
                  }
                ],
                "toplist_definition": [],
                "topology_map_definition": [],
                "trace_service_definition": [],
                "treemap_definition": [],
                "widget_layout": []
              }
            ]
          },
          "sensitive_attributes": [],
          "private": "bnVsbA=="
        }
      ]
    },
    {
      "mode": "managed",
      "type": "datadog_integration_aws_account",
      "name": "datadog_integration",
      "provider": "provider[\"registry.terraform.io/datadog/datadog\"]",
      "instances": [
        {
          "schema_version": 0,
          "attributes": {
            "account_tags": [],
            "auth_config": {
              "aws_auth_config_keys": null,
              "aws_auth_config_role": {
                "external_id": "49b650ab30ae4c28a3c797cc46265689",
                "role_name": "DatadogIntegrationRole"
              }
            },
            "aws_account_id": "221082204872",
            "aws_partition": "aws",
            "aws_regions": {
              "include_all": true,
              "include_only": null
            },
            "id": "de9e5293-9d9f-41a4-9b13-65850376f553",
            "logs_config": {
              "lambda_forwarder": {
                "lambdas": [],
                "sources": []
              }
            },
            "metrics_config": {
              "automute_enabled": true,
              "collect_cloudwatch_alarms": false,
              "collect_custom_metrics": false,
              "enabled": true,
              "namespace_filters": {
                "exclude_only": [
                  "AWS/SQS",
                  "AWS/ElasticMapReduce"
                ],
                "include_only": null
              },
              "tag_filters": []
            },
            "resources_config": {
              "cloud_security_posture_management_collection": true,
              "extended_collection": true
            },
            "traces_config": {
              "xray_services": {
                "include_all": null,
                "include_only": []
              }
            }
          },
          "sensitive_attributes": []
        }
      ]
    },
    {
      "mode": "managed",
      "type": "datadog_monitor",
      "name": "cpu_usage_alert",
      "provider": "provider[\"registry.terraform.io/datadog/datadog\"]",
      "instances": [
        {
          "schema_version": 0,
          "attributes": {
            "enable_logs_sample": null,
            "enable_samples": null,
            "escalation_message": "La alerta de CPU sigue activa. Se requiere atención inmediata.",
            "evaluation_delay": 0,
            "force_delete": null,
            "group_retention_duration": "",
            "groupby_simple_monitor": null,
            "id": "1297981",
            "include_tags": true,
            "locked": false,
            "message": "La utilización de CPU ha superado el 80% durante más de 5 minutos. Por favor, revisa la instancia.",
            "monitor_threshold_windows": [],
            "monitor_thresholds": [
              {
                "critical": "80",
                "critical_recovery": "",
                "ok": "",
                "unknown": "",
                "warning": "",
                "warning_recovery": ""
              }
            ],
            "name": "High CPU Utilization Alert",
            "new_group_delay": 0,
            "new_host_delay": 300,
            "no_data_timeframe": 0,
            "notification_preset_name": "",
            "notify_audit": false,
            "notify_by": [],
            "notify_no_data": false,
            "on_missing_data": "",
            "priority": "",
            "query": "avg(last_5m):avg:aws.ec2.cpuutilization{*} by {instance_id} \u003e 80",
            "renotify_interval": 0,
            "renotify_occurrences": 0,
            "renotify_statuses": null,
            "require_full_window": true,
            "restricted_roles": null,
            "scheduling_options": [],
            "tags": [
              "environment:production",
              "team:operations"
            ],
            "timeout_h": 0,
            "type": "query alert",
            "validate": null,
            "variables": []
          },
          "sensitive_attributes": [],
          "private": "bnVsbA=="
        }
      ]
    },
    {
      "mode": "managed",
      "type": "datadog_monitor",
      "name": "disk_io_alert",
      "provider": "provider[\"registry.terraform.io/datadog/datadog\"]",
      "instances": [
        {
          "schema_version": 0,
          "attributes": {
            "enable_logs_sample": null,
            "enable_samples": null,
            "escalation_message": "",
            "evaluation_delay": 0,
            "force_delete": null,
            "group_retention_duration": "",
            "groupby_simple_monitor": null,
            "id": "1297984",
            "include_tags": true,
            "locked": false,
            "message": "Las operaciones de disco de la instancia EC2 específica han superado los umbrales definidos.",
            "monitor_threshold_windows": [],
            "monitor_thresholds": [
              {
                "critical": "1000",
                "critical_recovery": "",
                "ok": "",
                "unknown": "",
                "warning": "",
                "warning_recovery": ""
              }
            ],
            "name": "Alerta de Operaciones de Disco para Instancia EC2 Específica",
            "new_group_delay": 0,
            "new_host_delay": 300,
            "no_data_timeframe": 0,
            "notification_preset_name": "",
            "notify_audit": false,
            "notify_by": [],
            "notify_no_data": false,
            "on_missing_data": "",
            "priority": "",
            "query": "avg(last_5m):avg:aws.ec2.diskreadops{*} by {instance_id} \u003e 1000",
            "renotify_interval": 0,
            "renotify_occurrences": 0,
            "renotify_statuses": null,
            "require_full_window": true,
            "restricted_roles": null,
            "scheduling_options": [],
            "tags": [
              "environment:production",
              "team:operations"
            ],
            "timeout_h": 0,
            "type": "query alert",
            "validate": null,
            "variables": []
          },
          "sensitive_attributes": [],
          "private": "bnVsbA=="
        }
      ]
    },
    {
      "mode": "managed",
      "type": "datadog_monitor",
      "name": "network_in_alert",
      "provider": "provider[\"registry.terraform.io/datadog/datadog\"]",
      "instances": [
        {
          "schema_version": 0,
          "attributes": {
            "enable_logs_sample": null,
            "enable_samples": null,
            "escalation_message": "",
            "evaluation_delay": 0,
            "force_delete": null,
            "group_retention_duration": "",
            "groupby_simple_monitor": null,
            "id": "1297980",
            "include_tags": true,
            "locked": false,
            "message": "El tráfico de entrada de la instancia EC2 específica ha superado los umbrales definidos.",
            "monitor_threshold_windows": [],
            "monitor_thresholds": [
              {
                "critical": "1e+06",
                "critical_recovery": "",
                "ok": "",
                "unknown": "",
                "warning": "",
                "warning_recovery": ""
              }
            ],
            "name": "Alerta de Network In para Instancia EC2 Específica",
            "new_group_delay": 0,
            "new_host_delay": 300,
            "no_data_timeframe": 0,
            "notification_preset_name": "",
            "notify_audit": false,
            "notify_by": [],
            "notify_no_data": false,
            "on_missing_data": "",
            "priority": "",
            "query": "avg(last_5m):avg:aws.ec2.network_in{*} by {instance_id} \u003e 1000000",
            "renotify_interval": 0,
            "renotify_occurrences": 0,
            "renotify_statuses": null,
            "require_full_window": true,
            "restricted_roles": null,
            "scheduling_options": [],
            "tags": [
              "environment:production",
              "team:operations"
            ],
            "timeout_h": 0,
            "type": "metric alert",
            "validate": null,
            "variables": []
          },
          "sensitive_attributes": [],
          "private": "bnVsbA=="
        }
      ]
    },
    {
      "mode": "managed",
      "type": "datadog_monitor",
      "name": "specific_instance_alert",
      "provider": "provider[\"registry.terraform.io/datadog/datadog\"]",
      "instances": [
        {
          "schema_version": 0,
          "attributes": {
            "enable_logs_sample": null,
            "enable_samples": null,
            "escalation_message": "La alerta sigue activa. Se requiere atención inmediata.",
            "evaluation_delay": 0,
            "force_delete": null,
            "group_retention_duration": "",
            "groupby_simple_monitor": null,
            "id": "1297982",
            "include_tags": true,
            "locked": false,
            "message": "La instancia EC2 específica ha superado los umbrales definidos. Por favor, revisa la instancia.",
            "monitor_threshold_windows": [],
            "monitor_thresholds": [
              {
                "critical": "80",
                "critical_recovery": "",
                "ok": "",
                "unknown": "",
                "warning": "",
                "warning_recovery": ""
              }
            ],
            "name": "Alerta de Instancia EC2 Específica",
            "new_group_delay": 0,
            "new_host_delay": 300,
            "no_data_timeframe": 0,
            "notification_preset_name": "",
            "notify_audit": false,
            "notify_by": [],
            "notify_no_data": false,
            "on_missing_data": "",
            "priority": "",
            "query": "avg(last_5m):avg:aws.ec2.cpuutilization{*} by {instance_id} \u003e 80",
            "renotify_interval": 0,
            "renotify_occurrences": 0,
            "renotify_statuses": null,
            "require_full_window": true,
            "restricted_roles": null,
            "scheduling_options": [],
            "tags": [
              "environment:production",
              "team:operations"
            ],
            "timeout_h": 0,
            "type": "metric alert",
            "validate": null,
            "variables": []
          },
          "sensitive_attributes": [],
          "private": "bnVsbA=="
        }
      ]
    },
    {
      "mode": "managed",
      "type": "datadog_monitor",
      "name": "status_check_failed_alert",
      "provider": "provider[\"registry.terraform.io/datadog/datadog\"]",
      "instances": [
        {
          "schema_version": 0,
          "attributes": {
            "enable_logs_sample": null,
            "enable_samples": null,
            "escalation_message": "",
            "evaluation_delay": 0,
            "force_delete": null,
            "group_retention_duration": "",
            "groupby_simple_monitor": null,
            "id": "1297983",
            "include_tags": true,
            "locked": false,
            "message": "La instancia EC2 específica ha fallado en los chequeos de estado.",
            "monitor_threshold_windows": [],
            "monitor_thresholds": [
              {
                "critical": "0",
                "critical_recovery": "",
                "ok": "",
                "unknown": "",
                "warning": "",
                "warning_recovery": ""
              }
            ],
            "name": "Alerta de Estado Fallido para Instancia EC2 Específica",
            "new_group_delay": 0,
            "new_host_delay": 300,
            "no_data_timeframe": 0,
            "notification_preset_name": "",
            "notify_audit": false,
            "notify_by": [],
            "notify_no_data": false,
            "on_missing_data": "",
            "priority": "",
            "query": "avg(last_5m):avg:aws.ec2.status_check_failed{*} by {instance_id} \u003e 0",
            "renotify_interval": 0,
            "renotify_occurrences": 0,
            "renotify_statuses": null,
            "require_full_window": true,
            "restricted_roles": null,
            "scheduling_options": [],
            "tags": [
              "environment:production",
              "team:operations"
            ],
            "timeout_h": 0,
            "type": "metric alert",
            "validate": null,
            "variables": []
          },
          "sensitive_attributes": [],
          "private": "bnVsbA=="
        }
      ]
    },
    {
      "mode": "managed",
      "type": "null_resource",
      "name": "generate_zip",
      "provider": "provider[\"registry.terraform.io/hashicorp/null\"]",
      "instances": [
        {
          "schema_version": 0,
          "attributes": {
            "id": "6569541290950208001",
            "triggers": {
              "always_run": "2025-02-25T04:15:03Z"
            }
          },
          "sensitive_attributes": []
        }
      ]
    }
  ],
  "check_results": null
}
